// !$*UTF8*$!
{
	archiveVersion = 1;
	classes = {
	};
	objectVersion = 50;
	objects = {

/* Begin PBXBuildFile section */
		031F2C4B280F163E00118779 /* AppDelegate.swift in Sources */ = {isa = PBXBuildFile; fileRef = 031F2C4A280F163E00118779 /* AppDelegate.swift */; };
		031F2C4D280F163E00118779 /* SceneDelegate.swift in Sources */ = {isa = PBXBuildFile; fileRef = 031F2C4C280F163E00118779 /* SceneDelegate.swift */; };
		031F2C4F280F163E00118779 /* ViewController.swift in Sources */ = {isa = PBXBuildFile; fileRef = 031F2C4E280F163E00118779 /* ViewController.swift */; };
		031F2C52280F163E00118779 /* Main.storyboard in Resources */ = {isa = PBXBuildFile; fileRef = 031F2C50280F163E00118779 /* Main.storyboard */; };
		031F2C54280F163F00118779 /* Assets.xcassets in Resources */ = {isa = PBXBuildFile; fileRef = 031F2C53280F163F00118779 /* Assets.xcassets */; };
		031F2C57280F163F00118779 /* LaunchScreen.storyboard in Resources */ = {isa = PBXBuildFile; fileRef = 031F2C55280F163F00118779 /* LaunchScreen.storyboard */; };
		031F2C62280F163F00118779 /* TreeClickerTests.swift in Sources */ = {isa = PBXBuildFile; fileRef = 031F2C61280F163F00118779 /* TreeClickerTests.swift */; };
		031F2C6D280F163F00118779 /* TreeClickerUITests.swift in Sources */ = {isa = PBXBuildFile; fileRef = 031F2C6C280F163F00118779 /* TreeClickerUITests.swift */; };
		031F2C83280F170900118779 /* User.swift in Sources */ = {isa = PBXBuildFile; fileRef = 031F2C7E280F170900118779 /* User.swift */; };
		031F2C84280F170900118779 /* Tree.swift in Sources */ = {isa = PBXBuildFile; fileRef = 031F2C7F280F170900118779 /* Tree.swift */; };
		031F2C85280F170900118779 /* Axe.swift in Sources */ = {isa = PBXBuildFile; fileRef = 031F2C80280F170900118779 /* Axe.swift */; };
		031F2C86280F170900118779 /* Workers.swift in Sources */ = {isa = PBXBuildFile; fileRef = 031F2C81280F170900118779 /* Workers.swift */; };
		031F2C88280F22BB00118779 /* DataSavingManager.swift in Sources */ = {isa = PBXBuildFile; fileRef = 031F2C87280F22BB00118779 /* DataSavingManager.swift */; };
		031F2C8A28108B0C00118779 /* ItemInit.swift in Sources */ = {isa = PBXBuildFile; fileRef = 031F2C8928108B0C00118779 /* ItemInit.swift */; };
		0340215E281C50F000076D2C /* WorkerViewController.swift in Sources */ = {isa = PBXBuildFile; fileRef = 0340215D281C50F000076D2C /* WorkerViewController.swift */; };
		0348B8C4282B02B200100A8E /* PopUpViewController.swift in Sources */ = {isa = PBXBuildFile; fileRef = 0348B8C3282B02B200100A8E /* PopUpViewController.swift */; };
		49C5ED512811C6090093C1E1 /* ShopViewController.swift in Sources */ = {isa = PBXBuildFile; fileRef = 49C5ED502811C6090093C1E1 /* ShopViewController.swift */; };
		49C5ED53281706400093C1E1 /* PrestigeViewController.swift in Sources */ = {isa = PBXBuildFile; fileRef = 49C5ED52281706400093C1E1 /* PrestigeViewController.swift */; };
/* End PBXBuildFile section */

/* Begin PBXContainerItemProxy section */
		031F2C5E280F163F00118779 /* PBXContainerItemProxy */ = {
			isa = PBXContainerItemProxy;
			containerPortal = 031F2C3F280F163E00118779 /* Project object */;
			proxyType = 1;
			remoteGlobalIDString = 031F2C46280F163E00118779;
			remoteInfo = TreeClicker;
		};
		031F2C69280F163F00118779 /* PBXContainerItemProxy */ = {
			isa = PBXContainerItemProxy;
			containerPortal = 031F2C3F280F163E00118779 /* Project object */;
			proxyType = 1;
			remoteGlobalIDString = 031F2C46280F163E00118779;
			remoteInfo = TreeClicker;
		};
/* End PBXContainerItemProxy section */

/* Begin PBXFileReference section */
		031F2C47280F163E00118779 /* TreeClicker.app */ = {isa = PBXFileReference; explicitFileType = wrapper.application; includeInIndex = 0; path = TreeClicker.app; sourceTree = BUILT_PRODUCTS_DIR; };
		031F2C4A280F163E00118779 /* AppDelegate.swift */ = {isa = PBXFileReference; lastKnownFileType = sourcecode.swift; path = AppDelegate.swift; sourceTree = "<group>"; };
		031F2C4C280F163E00118779 /* SceneDelegate.swift */ = {isa = PBXFileReference; lastKnownFileType = sourcecode.swift; path = SceneDelegate.swift; sourceTree = "<group>"; };
		031F2C4E280F163E00118779 /* ViewController.swift */ = {isa = PBXFileReference; lastKnownFileType = sourcecode.swift; path = ViewController.swift; sourceTree = "<group>"; };
		031F2C51280F163E00118779 /* Base */ = {isa = PBXFileReference; lastKnownFileType = file.storyboard; name = Base; path = Base.lproj/Main.storyboard; sourceTree = "<group>"; };
		031F2C53280F163F00118779 /* Assets.xcassets */ = {isa = PBXFileReference; lastKnownFileType = folder.assetcatalog; path = Assets.xcassets; sourceTree = "<group>"; };
		031F2C56280F163F00118779 /* Base */ = {isa = PBXFileReference; lastKnownFileType = file.storyboard; name = Base; path = Base.lproj/LaunchScreen.storyboard; sourceTree = "<group>"; };
		031F2C58280F163F00118779 /* Info.plist */ = {isa = PBXFileReference; lastKnownFileType = text.plist.xml; path = Info.plist; sourceTree = "<group>"; };
		031F2C5D280F163F00118779 /* TreeClickerTests.xctest */ = {isa = PBXFileReference; explicitFileType = wrapper.cfbundle; includeInIndex = 0; path = TreeClickerTests.xctest; sourceTree = BUILT_PRODUCTS_DIR; };
		031F2C61280F163F00118779 /* TreeClickerTests.swift */ = {isa = PBXFileReference; lastKnownFileType = sourcecode.swift; path = TreeClickerTests.swift; sourceTree = "<group>"; };
		031F2C63280F163F00118779 /* Info.plist */ = {isa = PBXFileReference; lastKnownFileType = text.plist.xml; path = Info.plist; sourceTree = "<group>"; };
		031F2C68280F163F00118779 /* TreeClickerUITests.xctest */ = {isa = PBXFileReference; explicitFileType = wrapper.cfbundle; includeInIndex = 0; path = TreeClickerUITests.xctest; sourceTree = BUILT_PRODUCTS_DIR; };
		031F2C6C280F163F00118779 /* TreeClickerUITests.swift */ = {isa = PBXFileReference; lastKnownFileType = sourcecode.swift; path = TreeClickerUITests.swift; sourceTree = "<group>"; };
		031F2C6E280F163F00118779 /* Info.plist */ = {isa = PBXFileReference; lastKnownFileType = text.plist.xml; path = Info.plist; sourceTree = "<group>"; };
		031F2C7E280F170900118779 /* User.swift */ = {isa = PBXFileReference; fileEncoding = 4; lastKnownFileType = sourcecode.swift; path = User.swift; sourceTree = "<group>"; };
		031F2C7F280F170900118779 /* Tree.swift */ = {isa = PBXFileReference; fileEncoding = 4; lastKnownFileType = sourcecode.swift; path = Tree.swift; sourceTree = "<group>"; };
		031F2C80280F170900118779 /* Axe.swift */ = {isa = PBXFileReference; fileEncoding = 4; lastKnownFileType = sourcecode.swift; path = Axe.swift; sourceTree = "<group>"; };
		031F2C81280F170900118779 /* Workers.swift */ = {isa = PBXFileReference; fileEncoding = 4; lastKnownFileType = sourcecode.swift; path = Workers.swift; sourceTree = "<group>"; };
		031F2C87280F22BB00118779 /* DataSavingManager.swift */ = {isa = PBXFileReference; lastKnownFileType = sourcecode.swift; path = DataSavingManager.swift; sourceTree = "<group>"; };
		031F2C8928108B0C00118779 /* ItemInit.swift */ = {isa = PBXFileReference; lastKnownFileType = sourcecode.swift; path = ItemInit.swift; sourceTree = "<group>"; };
		0340215D281C50F000076D2C /* WorkerViewController.swift */ = {isa = PBXFileReference; lastKnownFileType = sourcecode.swift; path = WorkerViewController.swift; sourceTree = "<group>"; };
		0348B8C3282B02B200100A8E /* PopUpViewController.swift */ = {isa = PBXFileReference; lastKnownFileType = sourcecode.swift; path = PopUpViewController.swift; sourceTree = "<group>"; };
		49C5ED502811C6090093C1E1 /* ShopViewController.swift */ = {isa = PBXFileReference; lastKnownFileType = sourcecode.swift; path = ShopViewController.swift; sourceTree = "<group>"; };
		49C5ED52281706400093C1E1 /* PrestigeViewController.swift */ = {isa = PBXFileReference; lastKnownFileType = sourcecode.swift; path = PrestigeViewController.swift; sourceTree = "<group>"; };
/* End PBXFileReference section */

/* Begin PBXFrameworksBuildPhase section */
		031F2C44280F163E00118779 /* Frameworks */ = {
			isa = PBXFrameworksBuildPhase;
			buildActionMask = 2147483647;
			files = (
			);
			runOnlyForDeploymentPostprocessing = 0;
		};
		031F2C5A280F163F00118779 /* Frameworks */ = {
			isa = PBXFrameworksBuildPhase;
			buildActionMask = 2147483647;
			files = (
			);
			runOnlyForDeploymentPostprocessing = 0;
		};
		031F2C65280F163F00118779 /* Frameworks */ = {
			isa = PBXFrameworksBuildPhase;
			buildActionMask = 2147483647;
			files = (
			);
			runOnlyForDeploymentPostprocessing = 0;
		};
/* End PBXFrameworksBuildPhase section */

/* Begin PBXGroup section */
		031F2C3E280F163E00118779 = {
			isa = PBXGroup;
			children = (
				031F2C49280F163E00118779 /* TreeClicker */,
				031F2C60280F163F00118779 /* TreeClickerTests */,
				031F2C6B280F163F00118779 /* TreeClickerUITests */,
				031F2C48280F163E00118779 /* Products */,
			);
			sourceTree = "<group>";
		};
		031F2C48280F163E00118779 /* Products */ = {
			isa = PBXGroup;
			children = (
				031F2C47280F163E00118779 /* TreeClicker.app */,
				031F2C5D280F163F00118779 /* TreeClickerTests.xctest */,
				031F2C68280F163F00118779 /* TreeClickerUITests.xctest */,
			);
			name = Products;
			sourceTree = "<group>";
		};
		031F2C49280F163E00118779 /* TreeClicker */ = {
			isa = PBXGroup;
			children = (
				0348B8C5282B031700100A8E /* ViewControllers */,
				031F2C7C280F16E400118779 /* attributes */,
				031F2C4A280F163E00118779 /* AppDelegate.swift */,
				031F2C4C280F163E00118779 /* SceneDelegate.swift */,
				031F2C50280F163E00118779 /* Main.storyboard */,
				031F2C53280F163F00118779 /* Assets.xcassets */,
				031F2C55280F163F00118779 /* LaunchScreen.storyboard */,
				031F2C58280F163F00118779 /* Info.plist */,
			);
			path = TreeClicker;
			sourceTree = "<group>";
		};
		031F2C60280F163F00118779 /* TreeClickerTests */ = {
			isa = PBXGroup;
			children = (
				031F2C61280F163F00118779 /* TreeClickerTests.swift */,
				031F2C63280F163F00118779 /* Info.plist */,
			);
			path = TreeClickerTests;
			sourceTree = "<group>";
		};
		031F2C6B280F163F00118779 /* TreeClickerUITests */ = {
			isa = PBXGroup;
			children = (
				031F2C6C280F163F00118779 /* TreeClickerUITests.swift */,
				031F2C6E280F163F00118779 /* Info.plist */,
			);
			path = TreeClickerUITests;
			sourceTree = "<group>";
		};
		031F2C7C280F16E400118779 /* attributes */ = {
			isa = PBXGroup;
			children = (
				031F2C80280F170900118779 /* Axe.swift */,
				031F2C7F280F170900118779 /* Tree.swift */,
				031F2C7E280F170900118779 /* User.swift */,
				031F2C81280F170900118779 /* Workers.swift */,
				031F2C87280F22BB00118779 /* DataSavingManager.swift */,
				031F2C8928108B0C00118779 /* ItemInit.swift */,
			);
			path = attributes;
			sourceTree = "<group>";
		};
		0348B8C5282B031700100A8E /* ViewControllers */ = {
			isa = PBXGroup;
			children = (
				031F2C4E280F163E00118779 /* ViewController.swift */,
				0348B8C3282B02B200100A8E /* PopUpViewController.swift */,
				49C5ED52281706400093C1E1 /* PrestigeViewController.swift */,
				49C5ED502811C6090093C1E1 /* ShopViewController.swift */,
				0340215D281C50F000076D2C /* WorkerViewController.swift */,
			);
			path = ViewControllers;
			sourceTree = "<group>";
		};
/* End PBXGroup section */

/* Begin PBXNativeTarget section */
		031F2C46280F163E00118779 /* TreeClicker */ = {
			isa = PBXNativeTarget;
			buildConfigurationList = 031F2C71280F163F00118779 /* Build configuration list for PBXNativeTarget "TreeClicker" */;
			buildPhases = (
				031F2C43280F163E00118779 /* Sources */,
				031F2C44280F163E00118779 /* Frameworks */,
				031F2C45280F163E00118779 /* Resources */,
			);
			buildRules = (
			);
			dependencies = (
			);
			name = TreeClicker;
			productName = TreeClicker;
			productReference = 031F2C47280F163E00118779 /* TreeClicker.app */;
			productType = "com.apple.product-type.application";
		};
		031F2C5C280F163F00118779 /* TreeClickerTests */ = {
			isa = PBXNativeTarget;
			buildConfigurationList = 031F2C74280F163F00118779 /* Build configuration list for PBXNativeTarget "TreeClickerTests" */;
			buildPhases = (
				031F2C59280F163F00118779 /* Sources */,
				031F2C5A280F163F00118779 /* Frameworks */,
				031F2C5B280F163F00118779 /* Resources */,
			);
			buildRules = (
			);
			dependencies = (
				031F2C5F280F163F00118779 /* PBXTargetDependency */,
			);
			name = TreeClickerTests;
			productName = TreeClickerTests;
			productReference = 031F2C5D280F163F00118779 /* TreeClickerTests.xctest */;
			productType = "com.apple.product-type.bundle.unit-test";
		};
		031F2C67280F163F00118779 /* TreeClickerUITests */ = {
			isa = PBXNativeTarget;
			buildConfigurationList = 031F2C77280F163F00118779 /* Build configuration list for PBXNativeTarget "TreeClickerUITests" */;
			buildPhases = (
				031F2C64280F163F00118779 /* Sources */,
				031F2C65280F163F00118779 /* Frameworks */,
				031F2C66280F163F00118779 /* Resources */,
			);
			buildRules = (
			);
			dependencies = (
				031F2C6A280F163F00118779 /* PBXTargetDependency */,
			);
			name = TreeClickerUITests;
			productName = TreeClickerUITests;
			productReference = 031F2C68280F163F00118779 /* TreeClickerUITests.xctest */;
			productType = "com.apple.product-type.bundle.ui-testing";
		};
/* End PBXNativeTarget section */

/* Begin PBXProject section */
		031F2C3F280F163E00118779 /* Project object */ = {
			isa = PBXProject;
			attributes = {
				LastSwiftUpdateCheck = 1250;
				LastUpgradeCheck = 1250;
				TargetAttributes = {
					031F2C46280F163E00118779 = {
						CreatedOnToolsVersion = 12.5.1;
					};
					031F2C5C280F163F00118779 = {
						CreatedOnToolsVersion = 12.5.1;
						TestTargetID = 031F2C46280F163E00118779;
					};
					031F2C67280F163F00118779 = {
						CreatedOnToolsVersion = 12.5.1;
						TestTargetID = 031F2C46280F163E00118779;
					};
				};
			};
			buildConfigurationList = 031F2C42280F163E00118779 /* Build configuration list for PBXProject "TreeClicker" */;
			compatibilityVersion = "Xcode 9.3";
			developmentRegion = en;
			hasScannedForEncodings = 0;
			knownRegions = (
				en,
				Base,
			);
			mainGroup = 031F2C3E280F163E00118779;
			productRefGroup = 031F2C48280F163E00118779 /* Products */;
			projectDirPath = "";
			projectRoot = "";
			targets = (
				031F2C46280F163E00118779 /* TreeClicker */,
				031F2C5C280F163F00118779 /* TreeClickerTests */,
				031F2C67280F163F00118779 /* TreeClickerUITests */,
			);
		};
/* End PBXProject section */

/* Begin PBXResourcesBuildPhase section */
		031F2C45280F163E00118779 /* Resources */ = {
			isa = PBXResourcesBuildPhase;
			buildActionMask = 2147483647;
			files = (
				031F2C57280F163F00118779 /* LaunchScreen.storyboard in Resources */,
				031F2C54280F163F00118779 /* Assets.xcassets in Resources */,
				031F2C52280F163E00118779 /* Main.storyboard in Resources */,
			);
			runOnlyForDeploymentPostprocessing = 0;
		};
		031F2C5B280F163F00118779 /* Resources */ = {
			isa = PBXResourcesBuildPhase;
			buildActionMask = 2147483647;
			files = (
			);
			runOnlyForDeploymentPostprocessing = 0;
		};
		031F2C66280F163F00118779 /* Resources */ = {
			isa = PBXResourcesBuildPhase;
			buildActionMask = 2147483647;
			files = (
			);
			runOnlyForDeploymentPostprocessing = 0;
		};
/* End PBXResourcesBuildPhase section */

/* Begin PBXSourcesBuildPhase section */
		031F2C43280F163E00118779 /* Sources */ = {
			isa = PBXSourcesBuildPhase;
			buildActionMask = 2147483647;
			files = (
				031F2C4F280F163E00118779 /* ViewController.swift in Sources */,
				031F2C8A28108B0C00118779 /* ItemInit.swift in Sources */,
				49C5ED512811C6090093C1E1 /* ShopViewController.swift in Sources */,
				031F2C85280F170900118779 /* Axe.swift in Sources */,
				031F2C4B280F163E00118779 /* AppDelegate.swift in Sources */,
				031F2C84280F170900118779 /* Tree.swift in Sources */,
				031F2C86280F170900118779 /* Workers.swift in Sources */,
				0348B8C4282B02B200100A8E /* PopUpViewController.swift in Sources */,
				031F2C83280F170900118779 /* User.swift in Sources */,
				031F2C4D280F163E00118779 /* SceneDelegate.swift in Sources */,
				49C5ED53281706400093C1E1 /* PrestigeViewController.swift in Sources */,
				0340215E281C50F000076D2C /* WorkerViewController.swift in Sources */,
				031F2C88280F22BB00118779 /* DataSavingManager.swift in Sources */,
			);
			runOnlyForDeploymentPostprocessing = 0;
		};
		031F2C59280F163F00118779 /* Sources */ = {
			isa = PBXSourcesBuildPhase;
			buildActionMask = 2147483647;
			files = (
				031F2C62280F163F00118779 /* TreeClickerTests.swift in Sources */,
			);
			runOnlyForDeploymentPostprocessing = 0;
		};
		031F2C64280F163F00118779 /* Sources */ = {
			isa = PBXSourcesBuildPhase;
			buildActionMask = 2147483647;
			files = (
				031F2C6D280F163F00118779 /* TreeClickerUITests.swift in Sources */,
			);
			runOnlyForDeploymentPostprocessing = 0;
		};
/* End PBXSourcesBuildPhase section */

/* Begin PBXTargetDependency section */
		031F2C5F280F163F00118779 /* PBXTargetDependency */ = {
			isa = PBXTargetDependency;
			target = 031F2C46280F163E00118779 /* TreeClicker */;
			targetProxy = 031F2C5E280F163F00118779 /* PBXContainerItemProxy */;
		};
		031F2C6A280F163F00118779 /* PBXTargetDependency */ = {
			isa = PBXTargetDependency;
			target = 031F2C46280F163E00118779 /* TreeClicker */;
			targetProxy = 031F2C69280F163F00118779 /* PBXContainerItemProxy */;
		};
/* End PBXTargetDependency section */

/* Begin PBXVariantGroup section */
		031F2C50280F163E00118779 /* Main.storyboard */ = {
			isa = PBXVariantGroup;
			children = (
				031F2C51280F163E00118779 /* Base */,
			);
			name = Main.storyboard;
			sourceTree = "<group>";
		};
		031F2C55280F163F00118779 /* LaunchScreen.storyboard */ = {
			isa = PBXVariantGroup;
			children = (
				031F2C56280F163F00118779 /* Base */,
			);
			name = LaunchScreen.storyboard;
			sourceTree = "<group>";
		};
/* End PBXVariantGroup section */

/* Begin XCBuildConfiguration section */
		031F2C6F280F163F00118779 /* Debug */ = {
			isa = XCBuildConfiguration;
			buildSettings = {
				ALWAYS_SEARCH_USER_PATHS = NO;
				CLANG_ANALYZER_NONNULL = YES;
				CLANG_ANALYZER_NUMBER_OBJECT_CONVERSION = YES_AGGRESSIVE;
				CLANG_CXX_LANGUAGE_STANDARD = "gnu++14";
				CLANG_CXX_LIBRARY = "libc++";
				CLANG_ENABLE_MODULES = YES;
				CLANG_ENABLE_OBJC_ARC = YES;
				CLANG_ENABLE_OBJC_WEAK = YES;
				CLANG_WARN_BLOCK_CAPTURE_AUTORELEASING = YES;
				CLANG_WARN_BOOL_CONVERSION = YES;
				CLANG_WARN_COMMA = YES;
				CLANG_WARN_CONSTANT_CONVERSION = YES;
				CLANG_WARN_DEPRECATED_OBJC_IMPLEMENTATIONS = YES;
				CLANG_WARN_DIRECT_OBJC_ISA_USAGE = YES_ERROR;
				CLANG_WARN_DOCUMENTATION_COMMENTS = YES;
				CLANG_WARN_EMPTY_BODY = YES;
				CLANG_WARN_ENUM_CONVERSION = YES;
				CLANG_WARN_INFINITE_RECURSION = YES;
				CLANG_WARN_INT_CONVERSION = YES;
				CLANG_WARN_NON_LITERAL_NULL_CONVERSION = YES;
				CLANG_WARN_OBJC_IMPLICIT_RETAIN_SELF = YES;
				CLANG_WARN_OBJC_LITERAL_CONVERSION = YES;
				CLANG_WARN_OBJC_ROOT_CLASS = YES_ERROR;
				CLANG_WARN_QUOTED_INCLUDE_IN_FRAMEWORK_HEADER = YES;
				CLANG_WARN_RANGE_LOOP_ANALYSIS = YES;
				CLANG_WARN_STRICT_PROTOTYPES = YES;
				CLANG_WARN_SUSPICIOUS_MOVE = YES;
				CLANG_WARN_UNGUARDED_AVAILABILITY = YES_AGGRESSIVE;
				CLANG_WARN_UNREACHABLE_CODE = YES;
				CLANG_WARN__DUPLICATE_METHOD_MATCH = YES;
				COPY_PHASE_STRIP = NO;
				DEBUG_INFORMATION_FORMAT = dwarf;
				ENABLE_STRICT_OBJC_MSGSEND = YES;
				ENABLE_TESTABILITY = YES;
				GCC_C_LANGUAGE_STANDARD = gnu11;
				GCC_DYNAMIC_NO_PIC = NO;
				GCC_NO_COMMON_BLOCKS = YES;
				GCC_OPTIMIZATION_LEVEL = 0;
				GCC_PREPROCESSOR_DEFINITIONS = (
					"DEBUG=1",
					"$(inherited)",
				);
				GCC_WARN_64_TO_32_BIT_CONVERSION = YES;
				GCC_WARN_ABOUT_RETURN_TYPE = YES_ERROR;
				GCC_WARN_UNDECLARED_SELECTOR = YES;
				GCC_WARN_UNINITIALIZED_AUTOS = YES_AGGRESSIVE;
				GCC_WARN_UNUSED_FUNCTION = YES;
				GCC_WARN_UNUSED_VARIABLE = YES;
				IPHONEOS_DEPLOYMENT_TARGET = 14.5;
				MTL_ENABLE_DEBUG_INFO = INCLUDE_SOURCE;
				MTL_FAST_MATH = YES;
				ONLY_ACTIVE_ARCH = YES;
				SDKROOT = iphoneos;
				SWIFT_ACTIVE_COMPILATION_CONDITIONS = DEBUG;
				SWIFT_OPTIMIZATION_LEVEL = "-Onone";
			};
			name = Debug;
		};
		031F2C70280F163F00118779 /* Release */ = {
			isa = XCBuildConfiguration;
			buildSettings = {
				ALWAYS_SEARCH_USER_PATHS = NO;
				CLANG_ANALYZER_NONNULL = YES;
				CLANG_ANALYZER_NUMBER_OBJECT_CONVERSION = YES_AGGRESSIVE;
				CLANG_CXX_LANGUAGE_STANDARD = "gnu++14";
				CLANG_CXX_LIBRARY = "libc++";
				CLANG_ENABLE_MODULES = YES;
				CLANG_ENABLE_OBJC_ARC = YES;
				CLANG_ENABLE_OBJC_WEAK = YES;
				CLANG_WARN_BLOCK_CAPTURE_AUTORELEASING = YES;
				CLANG_WARN_BOOL_CONVERSION = YES;
				CLANG_WARN_COMMA = YES;
				CLANG_WARN_CONSTANT_CONVERSION = YES;
				CLANG_WARN_DEPRECATED_OBJC_IMPLEMENTATIONS = YES;
				CLANG_WARN_DIRECT_OBJC_ISA_USAGE = YES_ERROR;
				CLANG_WARN_DOCUMENTATION_COMMENTS = YES;
				CLANG_WARN_EMPTY_BODY = YES;
				CLANG_WARN_ENUM_CONVERSION = YES;
				CLANG_WARN_INFINITE_RECURSION = YES;
				CLANG_WARN_INT_CONVERSION = YES;
				CLANG_WARN_NON_LITERAL_NULL_CONVERSION = YES;
				CLANG_WARN_OBJC_IMPLICIT_RETAIN_SELF = YES;
				CLANG_WARN_OBJC_LITERAL_CONVERSION = YES;
				CLANG_WARN_OBJC_ROOT_CLASS = YES_ERROR;
				CLANG_WARN_QUOTED_INCLUDE_IN_FRAMEWORK_HEADER = YES;
				CLANG_WARN_RANGE_LOOP_ANALYSIS = YES;
				CLANG_WARN_STRICT_PROTOTYPES = YES;
				CLANG_WARN_SUSPICIOUS_MOVE = YES;
				CLANG_WARN_UNGUARDED_AVAILABILITY = YES_AGGRESSIVE;
				CLANG_WARN_UNREACHABLE_CODE = YES;
				CLANG_WARN__DUPLICATE_METHOD_MATCH = YES;
				COPY_PHASE_STRIP = NO;
				DEBUG_INFORMATION_FORMAT = "dwarf-with-dsym";
				ENABLE_NS_ASSERTIONS = NO;
				ENABLE_STRICT_OBJC_MSGSEND = YES;
				GCC_C_LANGUAGE_STANDARD = gnu11;
				GCC_NO_COMMON_BLOCKS = YES;
				GCC_WARN_64_TO_32_BIT_CONVERSION = YES;
				GCC_WARN_ABOUT_RETURN_TYPE = YES_ERROR;
				GCC_WARN_UNDECLARED_SELECTOR = YES;
				GCC_WARN_UNINITIALIZED_AUTOS = YES_AGGRESSIVE;
				GCC_WARN_UNUSED_FUNCTION = YES;
				GCC_WARN_UNUSED_VARIABLE = YES;
				IPHONEOS_DEPLOYMENT_TARGET = 14.5;
				MTL_ENABLE_DEBUG_INFO = NO;
				MTL_FAST_MATH = YES;
				SDKROOT = iphoneos;
				SWIFT_COMPILATION_MODE = wholemodule;
				SWIFT_OPTIMIZATION_LEVEL = "-O";
				VALIDATE_PRODUCT = YES;
			};
			name = Release;
		};
		031F2C72280F163F00118779 /* Debug */ = {
			isa = XCBuildConfiguration;
			buildSettings = {
				ASSETCATALOG_COMPILER_APPICON_NAME = AppIcon;
				ASSETCATALOG_COMPILER_GLOBAL_ACCENT_COLOR_NAME = AccentColor;
				CODE_SIGN_STYLE = Automatic;
				DEVELOPMENT_TEAM = D8HBPAG294;
				INFOPLIST_FILE = TreeClicker/Info.plist;
				LD_RUNPATH_SEARCH_PATHS = (
					"$(inherited)",
					"@executable_path/Frameworks",
				);
				PRODUCT_BUNDLE_IDENTIFIER = WillDeDominico.TreeClicker2;
				PRODUCT_NAME = "$(TARGET_NAME)";
				SWIFT_VERSION = 5.0;
				TARGETED_DEVICE_FAMILY = "1,2";
			};
			name = Debug;
		};
		031F2C73280F163F00118779 /* Release */ = {
			isa = XCBuildConfiguration;
			buildSettings = {
				ASSETCATALOG_COMPILER_APPICON_NAME = AppIcon;
				ASSETCATALOG_COMPILER_GLOBAL_ACCENT_COLOR_NAME = AccentColor;
				CODE_SIGN_STYLE = Automatic;
				DEVELOPMENT_TEAM = D8HBPAG294;
				INFOPLIST_FILE = TreeClicker/Info.plist;
				LD_RUNPATH_SEARCH_PATHS = (
					"$(inherited)",
					"@executable_path/Frameworks",
				);
				PRODUCT_BUNDLE_IDENTIFIER = WillDeDominico.TreeClicker2;
				PRODUCT_NAME = "$(TARGET_NAME)";
				SWIFT_VERSION = 5.0;
				TARGETED_DEVICE_FAMILY = "1,2";
			};
			name = Release;
		};
		031F2C75280F163F00118779 /* Debug */ = {
			isa = XCBuildConfiguration;
			buildSettings = {
				ALWAYS_EMBED_SWIFT_STANDARD_LIBRARIES = YES;
				BUNDLE_LOADER = "$(TEST_HOST)";
				CODE_SIGN_STYLE = Automatic;
				DEVELOPMENT_TEAM = D8HBPAG294;
				INFOPLIST_FILE = TreeClickerTests/Info.plist;
				IPHONEOS_DEPLOYMENT_TARGET = 14.5;
				LD_RUNPATH_SEARCH_PATHS = (
					"$(inherited)",
					"@executable_path/Frameworks",
					"@loader_path/Frameworks",
				);
				PRODUCT_BUNDLE_IDENTIFIER = WillDeDominico.TreeClickerTests;
				PRODUCT_NAME = "$(TARGET_NAME)";
				SWIFT_VERSION = 5.0;
				TARGETED_DEVICE_FAMILY = "1,2";
				TEST_HOST = "$(BUILT_PRODUCTS_DIR)/TreeClicker.app/TreeClicker";
			};
			name = Debug;
		};
		031F2C76280F163F00118779 /* Release */ = {
			isa = XCBuildConfiguration;
			buildSettings = {
				ALWAYS_EMBED_SWIFT_STANDARD_LIBRARIES = YES;
				BUNDLE_LOADER = "$(TEST_HOST)";
				CODE_SIGN_STYLE = Automatic;
				DEVELOPMENT_TEAM = D8HBPAG294;
				INFOPLIST_FILE = TreeClickerTests/Info.plist;
				IPHONEOS_DEPLOYMENT_TARGET = 14.5;
				LD_RUNPATH_SEARCH_PATHS = (
					"$(inherited)",
					"@executable_path/Frameworks",
					"@loader_path/Frameworks",
				);
				PRODUCT_BUNDLE_IDENTIFIER = WillDeDominico.TreeClickerTests;
				PRODUCT_NAME = "$(TARGET_NAME)";
				SWIFT_VERSION = 5.0;
				TARGETED_DEVICE_FAMILY = "1,2";
				TEST_HOST = "$(BUILT_PRODUCTS_DIR)/TreeClicker.app/TreeClicker";
			};
			name = Release;
		};
		031F2C78280F163F00118779 /* Debug */ = {
			isa = XCBuildConfiguration;
			buildSettings = {
				ALWAYS_EMBED_SWIFT_STANDARD_LIBRARIES = YES;
				CODE_SIGN_STYLE = Automatic;
				DEVELOPMENT_TEAM = D8HBPAG294;
				INFOPLIST_FILE = TreeClickerUITests/Info.plist;
				LD_RUNPATH_SEARCH_PATHS = (
					"$(inherited)",
					"@executable_path/Frameworks",
					"@loader_path/Frameworks",
				);
				PRODUCT_BUNDLE_IDENTIFIER = WillDeDominico.TreeClickerUITests;
				PRODUCT_NAME = "$(TARGET_NAME)";
				SWIFT_VERSION = 5.0;
				TARGETED_DEVICE_FAMILY = "1,2";
				TEST_TARGET_NAME = TreeClicker;
			};
			name = Debug;
		};
		031F2C79280F163F00118779 /* Release */ = {
			isa = XCBuildConfiguration;
			buildSettings = {
				ALWAYS_EMBED_SWIFT_STANDARD_LIBRARIES = YES;
				CODE_SIGN_STYLE = Automatic;
				DEVELOPMENT_TEAM = D8HBPAG294;
				INFOPLIST_FILE = TreeClickerUITests/Info.plist;
				LD_RUNPATH_SEARCH_PATHS = (
					"$(inherited)",
					"@executable_path/Frameworks",
					"@loader_path/Frameworks",
				);
				PRODUCT_BUNDLE_IDENTIFIER = WillDeDominico.TreeClickerUITests;
				PRODUCT_NAME = "$(TARGET_NAME)";
				SWIFT_VERSION = 5.0;
				TARGETED_DEVICE_FAMILY = "1,2";
				TEST_TARGET_NAME = TreeClicker;
			};
			name = Release;
		};
/* End XCBuildConfiguration section */

/* Begin XCConfigurationList section */
		031F2C42280F163E00118779 /* Build configuration list for PBXProject "TreeClicker" */ = {
			isa = XCConfigurationList;
			buildConfigurations = (
				031F2C6F280F163F00118779 /* Debug */,
				031F2C70280F163F00118779 /* Release */,
			);
			defaultConfigurationIsVisible = 0;
			defaultConfigurationName = Release;
		};
		031F2C71280F163F00118779 /* Build configuration list for PBXNativeTarget "TreeClicker" */ = {
			isa = XCConfigurationList;
			buildConfigurations = (
				031F2C72280F163F00118779 /* Debug */,
				031F2C73280F163F00118779 /* Release */,
			);
			defaultConfigurationIsVisible = 0;
			defaultConfigurationName = Release;
		};
		031F2C74280F163F00118779 /* Build configuration list for PBXNativeTarget "TreeClickerTests" */ = {
			isa = XCConfigurationList;
			buildConfigurations = (
				031F2C75280F163F00118779 /* Debug */,
				031F2C76280F163F00118779 /* Release */,
			);
			defaultConfigurationIsVisible = 0;
			defaultConfigurationName = Release;
		};
		031F2C77280F163F00118779 /* Build configuration list for PBXNativeTarget "TreeClickerUITests" */ = {
			isa = XCConfigurationList;
			buildConfigurations = (
				031F2C78280F163F00118779 /* Debug */,
				031F2C79280F163F00118779 /* Release */,
			);
			defaultConfigurationIsVisible = 0;
			defaultConfigurationName = Release;
		};
/* End XCConfigurationList section */
	};
	rootObject = 031F2C3F280F163E00118779 /* Project object */;
}
